
Microsoft Visual Studio Solution File, Format Version 12.00
# Visual Studio Version 16
VisualStudioVersion = 16.0.30907.101
MinimumVisualStudioVersion = 10.0.40219.1
Project("{FAE04EC0-301F-11D3-BF4B-00C04F79EFBC}") = "210120PraktineUzduotis", "210120PraktineUzduotis\210120PraktineUzduotis.csproj", "{2DA92423-2C43-48FE-A249-6CE816A5CF99}"
EndProject
Global
	GlobalSection(SolutionConfigurationPlatforms) = preSolution
		Debug|Any CPU = Debug|Any CPU
		Release|Any CPU = Release|Any CPU
	EndGlobalSection
	GlobalSection(ProjectConfigurationPlatforms) = postSolution
		{2DA92423-2C43-48FE-A249-6CE816A5CF99}.Debug|Any CPU.ActiveCfg = Debug|Any CPU
		{2DA92423-2C43-48FE-A249-6CE816A5CF99}.Debug|Any CPU.Build.0 = Debug|Any CPU
		{2DA92423-2C43-48FE-A249-6CE816A5CF99}.Release|Any CPU.ActiveCfg = Release|Any CPU
		{2DA92423-2C43-48FE-A249-6CE816A5CF99}.Release|Any CPU.Build.0 = Release|Any CPU
	EndGlobalSection
	GlobalSection(SolutionProperties) = preSolution
		HideSolutionNode = FALSE
	EndGlobalSection
	GlobalSection(ExtensibilityGlobals) = postSolution
		SolutionGuid = {1F748DE1-D4AA-49B0-8649-CE4E4F1DCD4D}
	EndGlobalSection
EndGlobal
